// !$*UTF8*$!
{
	archiveVersion = 1;
	classes = {
	};
	objectVersion = 55;
	objects = {

/* Begin PBXBuildFile section */
		4225688528D1200C00C9D261 /* AppDelegate.swift in Sources */ = {isa = PBXBuildFile; fileRef = 4225688428D1200C00C9D261 /* AppDelegate.swift */; };
		4225688728D1200C00C9D261 /* SceneDelegate.swift in Sources */ = {isa = PBXBuildFile; fileRef = 4225688628D1200C00C9D261 /* SceneDelegate.swift */; };
		4225688928D1200C00C9D261 /* PokemonAppView.swift in Sources */ = {isa = PBXBuildFile; fileRef = 4225688828D1200C00C9D261 /* PokemonAppView.swift */; };
		4225688C28D1200C00C9D261 /* Main.storyboard in Resources */ = {isa = PBXBuildFile; fileRef = 4225688A28D1200C00C9D261 /* Main.storyboard */; };
		4225688E28D1200F00C9D261 /* Assets.xcassets in Resources */ = {isa = PBXBuildFile; fileRef = 4225688D28D1200F00C9D261 /* Assets.xcassets */; };
		4225689128D1200F00C9D261 /* LaunchScreen.storyboard in Resources */ = {isa = PBXBuildFile; fileRef = 4225688F28D1200F00C9D261 /* LaunchScreen.storyboard */; };
		4225689C28D1200F00C9D261 /* Otsimo_TaskTests.swift in Sources */ = {isa = PBXBuildFile; fileRef = 4225689B28D1200F00C9D261 /* Otsimo_TaskTests.swift */; };
		422568A628D1200F00C9D261 /* Otsimo_TaskUITests.swift in Sources */ = {isa = PBXBuildFile; fileRef = 422568A528D1200F00C9D261 /* Otsimo_TaskUITests.swift */; };
		422568A828D1200F00C9D261 /* Otsimo_TaskUITestsLaunchTests.swift in Sources */ = {isa = PBXBuildFile; fileRef = 422568A728D1200F00C9D261 /* Otsimo_TaskUITestsLaunchTests.swift */; };
		422568B528D5E08D00C9D261 /* Card.swift in Sources */ = {isa = PBXBuildFile; fileRef = 422568B428D5E08D00C9D261 /* Card.swift */; };
		4288BA0428DA586600086037 /* ControllerProtocol.swift in Sources */ = {isa = PBXBuildFile; fileRef = 4288BA0328DA586600086037 /* ControllerProtocol.swift */; };
		4288BA0828DADA5B00086037 /* ViewProtocol.swift in Sources */ = {isa = PBXBuildFile; fileRef = 4288BA0728DADA5B00086037 /* ViewProtocol.swift */; };
		428D6B8628D5E2D900C92FD0 /* PokemonAppController.swift in Sources */ = {isa = PBXBuildFile; fileRef = 428D6B8528D5E2D900C92FD0 /* PokemonAppController.swift */; };
		428D6B8828D5E59300C92FD0 /* PokemonAppModel.swift in Sources */ = {isa = PBXBuildFile; fileRef = 428D6B8728D5E59300C92FD0 /* PokemonAppModel.swift */; };
/* End PBXBuildFile section */

/* Begin PBXContainerItemProxy section */
		4225689828D1200F00C9D261 /* PBXContainerItemProxy */ = {
			isa = PBXContainerItemProxy;
			containerPortal = 4225687928D1200C00C9D261 /* Project object */;
			proxyType = 1;
			remoteGlobalIDString = 4225688028D1200C00C9D261;
			remoteInfo = Otsimo_Task;
		};
		422568A228D1200F00C9D261 /* PBXContainerItemProxy */ = {
			isa = PBXContainerItemProxy;
			containerPortal = 4225687928D1200C00C9D261 /* Project object */;
			proxyType = 1;
			remoteGlobalIDString = 4225688028D1200C00C9D261;
			remoteInfo = Otsimo_Task;
		};
/* End PBXContainerItemProxy section */

/* Begin PBXFileReference section */
		4225688128D1200C00C9D261 /* Otsimo_Task.app */ = {isa = PBXFileReference; explicitFileType = wrapper.application; includeInIndex = 0; path = Otsimo_Task.app; sourceTree = BUILT_PRODUCTS_DIR; };
		4225688428D1200C00C9D261 /* AppDelegate.swift */ = {isa = PBXFileReference; lastKnownFileType = sourcecode.swift; path = AppDelegate.swift; sourceTree = "<group>"; };
		4225688628D1200C00C9D261 /* SceneDelegate.swift */ = {isa = PBXFileReference; lastKnownFileType = sourcecode.swift; path = SceneDelegate.swift; sourceTree = "<group>"; };
		4225688828D1200C00C9D261 /* PokemonAppView.swift */ = {isa = PBXFileReference; lastKnownFileType = sourcecode.swift; path = PokemonAppView.swift; sourceTree = "<group>"; };
		4225688B28D1200C00C9D261 /* Base */ = {isa = PBXFileReference; lastKnownFileType = file.storyboard; name = Base; path = Base.lproj/Main.storyboard; sourceTree = "<group>"; };
		4225688D28D1200F00C9D261 /* Assets.xcassets */ = {isa = PBXFileReference; lastKnownFileType = folder.assetcatalog; path = Assets.xcassets; sourceTree = "<group>"; };
		4225689028D1200F00C9D261 /* Base */ = {isa = PBXFileReference; lastKnownFileType = file.storyboard; name = Base; path = Base.lproj/LaunchScreen.storyboard; sourceTree = "<group>"; };
		4225689228D1200F00C9D261 /* Info.plist */ = {isa = PBXFileReference; lastKnownFileType = text.plist.xml; path = Info.plist; sourceTree = "<group>"; };
		4225689728D1200F00C9D261 /* Otsimo_TaskTests.xctest */ = {isa = PBXFileReference; explicitFileType = wrapper.cfbundle; includeInIndex = 0; path = Otsimo_TaskTests.xctest; sourceTree = BUILT_PRODUCTS_DIR; };
		4225689B28D1200F00C9D261 /* Otsimo_TaskTests.swift */ = {isa = PBXFileReference; lastKnownFileType = sourcecode.swift; path = Otsimo_TaskTests.swift; sourceTree = "<group>"; };
		422568A128D1200F00C9D261 /* Otsimo_TaskUITests.xctest */ = {isa = PBXFileReference; explicitFileType = wrapper.cfbundle; includeInIndex = 0; path = Otsimo_TaskUITests.xctest; sourceTree = BUILT_PRODUCTS_DIR; };
		422568A528D1200F00C9D261 /* Otsimo_TaskUITests.swift */ = {isa = PBXFileReference; lastKnownFileType = sourcecode.swift; path = Otsimo_TaskUITests.swift; sourceTree = "<group>"; };
		422568A728D1200F00C9D261 /* Otsimo_TaskUITestsLaunchTests.swift */ = {isa = PBXFileReference; lastKnownFileType = sourcecode.swift; path = Otsimo_TaskUITestsLaunchTests.swift; sourceTree = "<group>"; };
		422568B428D5E08D00C9D261 /* Card.swift */ = {isa = PBXFileReference; lastKnownFileType = sourcecode.swift; path = Card.swift; sourceTree = "<group>"; };
		4288BA0328DA586600086037 /* ControllerProtocol.swift */ = {isa = PBXFileReference; lastKnownFileType = sourcecode.swift; path = ControllerProtocol.swift; sourceTree = "<group>"; };
		4288BA0728DADA5B00086037 /* ViewProtocol.swift */ = {isa = PBXFileReference; lastKnownFileType = sourcecode.swift; path = ViewProtocol.swift; sourceTree = "<group>"; };
		428D6B8528D5E2D900C92FD0 /* PokemonAppController.swift */ = {isa = PBXFileReference; lastKnownFileType = sourcecode.swift; path = PokemonAppController.swift; sourceTree = "<group>"; };
		428D6B8728D5E59300C92FD0 /* PokemonAppModel.swift */ = {isa = PBXFileReference; lastKnownFileType = sourcecode.swift; path = PokemonAppModel.swift; sourceTree = "<group>"; };
/* End PBXFileReference section */

/* Begin PBXFrameworksBuildPhase section */
		4225687E28D1200C00C9D261 /* Frameworks */ = {
			isa = PBXFrameworksBuildPhase;
			buildActionMask = 2147483647;
			files = (
			);
			runOnlyForDeploymentPostprocessing = 0;
		};
		4225689428D1200F00C9D261 /* Frameworks */ = {
			isa = PBXFrameworksBuildPhase;
			buildActionMask = 2147483647;
			files = (
			);
			runOnlyForDeploymentPostprocessing = 0;
		};
		4225689E28D1200F00C9D261 /* Frameworks */ = {
			isa = PBXFrameworksBuildPhase;
			buildActionMask = 2147483647;
			files = (
			);
			runOnlyForDeploymentPostprocessing = 0;
		};
/* End PBXFrameworksBuildPhase section */

/* Begin PBXGroup section */
		4225687828D1200C00C9D261 = {
			isa = PBXGroup;
			children = (
				4225688328D1200C00C9D261 /* Otsimo_Task */,
				4225689A28D1200F00C9D261 /* Otsimo_TaskTests */,
				422568A428D1200F00C9D261 /* Otsimo_TaskUITests */,
				4225688228D1200C00C9D261 /* Products */,
			);
			sourceTree = "<group>";
		};
		4225688228D1200C00C9D261 /* Products */ = {
			isa = PBXGroup;
			children = (
				4225688128D1200C00C9D261 /* Otsimo_Task.app */,
				4225689728D1200F00C9D261 /* Otsimo_TaskTests.xctest */,
				422568A128D1200F00C9D261 /* Otsimo_TaskUITests.xctest */,
			);
			name = Products;
			sourceTree = "<group>";
		};
		4225688328D1200C00C9D261 /* Otsimo_Task */ = {
			isa = PBXGroup;
			children = (
				4225688428D1200C00C9D261 /* AppDelegate.swift */,
				4225688628D1200C00C9D261 /* SceneDelegate.swift */,
				4225688828D1200C00C9D261 /* PokemonAppView.swift */,
				4225688A28D1200C00C9D261 /* Main.storyboard */,
				4225688D28D1200F00C9D261 /* Assets.xcassets */,
				4225688F28D1200F00C9D261 /* LaunchScreen.storyboard */,
				4225689228D1200F00C9D261 /* Info.plist */,
				422568B428D5E08D00C9D261 /* Card.swift */,
				428D6B8528D5E2D900C92FD0 /* PokemonAppController.swift */,
				4288BA0328DA586600086037 /* ControllerProtocol.swift */,
				428D6B8728D5E59300C92FD0 /* PokemonAppModel.swift */,
				4288BA0728DADA5B00086037 /* ViewProtocol.swift */,
			);
			path = Otsimo_Task;
			sourceTree = "<group>";
		};
		4225689A28D1200F00C9D261 /* Otsimo_TaskTests */ = {
			isa = PBXGroup;
			children = (
				4225689B28D1200F00C9D261 /* Otsimo_TaskTests.swift */,
			);
			path = Otsimo_TaskTests;
			sourceTree = "<group>";
		};
		422568A428D1200F00C9D261 /* Otsimo_TaskUITests */ = {
			isa = PBXGroup;
			children = (
				422568A528D1200F00C9D261 /* Otsimo_TaskUITests.swift */,
				422568A728D1200F00C9D261 /* Otsimo_TaskUITestsLaunchTests.swift */,
			);
			path = Otsimo_TaskUITests;
			sourceTree = "<group>";
		};
/* End PBXGroup section */

/* Begin PBXNativeTarget section */
		4225688028D1200C00C9D261 /* Otsimo_Task */ = {
			isa = PBXNativeTarget;
			buildConfigurationList = 422568AB28D1201000C9D261 /* Build configuration list for PBXNativeTarget "Otsimo_Task" */;
			buildPhases = (
				4225687D28D1200C00C9D261 /* Sources */,
				4225687E28D1200C00C9D261 /* Frameworks */,
				4225687F28D1200C00C9D261 /* Resources */,
			);
			buildRules = (
			);
			dependencies = (
			);
			name = Otsimo_Task;
			productName = Otsimo_Task;
			productReference = 4225688128D1200C00C9D261 /* Otsimo_Task.app */;
			productType = "com.apple.product-type.application";
		};
		4225689628D1200F00C9D261 /* Otsimo_TaskTests */ = {
			isa = PBXNativeTarget;
			buildConfigurationList = 422568AE28D1201000C9D261 /* Build configuration list for PBXNativeTarget "Otsimo_TaskTests" */;
			buildPhases = (
				4225689328D1200F00C9D261 /* Sources */,
				4225689428D1200F00C9D261 /* Frameworks */,
				4225689528D1200F00C9D261 /* Resources */,
			);
			buildRules = (
			);
			dependencies = (
				4225689928D1200F00C9D261 /* PBXTargetDependency */,
			);
			name = Otsimo_TaskTests;
			productName = Otsimo_TaskTests;
			productReference = 4225689728D1200F00C9D261 /* Otsimo_TaskTests.xctest */;
			productType = "com.apple.product-type.bundle.unit-test";
		};
		422568A028D1200F00C9D261 /* Otsimo_TaskUITests */ = {
			isa = PBXNativeTarget;
			buildConfigurationList = 422568B128D1201000C9D261 /* Build configuration list for PBXNativeTarget "Otsimo_TaskUITests" */;
			buildPhases = (
				4225689D28D1200F00C9D261 /* Sources */,
				4225689E28D1200F00C9D261 /* Frameworks */,
				4225689F28D1200F00C9D261 /* Resources */,
			);
			buildRules = (
			);
			dependencies = (
				422568A328D1200F00C9D261 /* PBXTargetDependency */,
			);
			name = Otsimo_TaskUITests;
			productName = Otsimo_TaskUITests;
			productReference = 422568A128D1200F00C9D261 /* Otsimo_TaskUITests.xctest */;
			productType = "com.apple.product-type.bundle.ui-testing";
		};
/* End PBXNativeTarget section */

/* Begin PBXProject section */
		4225687928D1200C00C9D261 /* Project object */ = {
			isa = PBXProject;
			attributes = {
				BuildIndependentTargetsInParallel = 1;
				LastSwiftUpdateCheck = 1340;
				LastUpgradeCheck = 1340;
				TargetAttributes = {
					4225688028D1200C00C9D261 = {
						CreatedOnToolsVersion = 13.4.1;
					};
					4225689628D1200F00C9D261 = {
						CreatedOnToolsVersion = 13.4.1;
						TestTargetID = 4225688028D1200C00C9D261;
					};
					422568A028D1200F00C9D261 = {
						CreatedOnToolsVersion = 13.4.1;
						TestTargetID = 4225688028D1200C00C9D261;
					};
				};
			};
			buildConfigurationList = 4225687C28D1200C00C9D261 /* Build configuration list for PBXProject "Otsimo_Task" */;
			compatibilityVersion = "Xcode 13.0";
			developmentRegion = en;
			hasScannedForEncodings = 0;
			knownRegions = (
				en,
				Base,
			);
			mainGroup = 4225687828D1200C00C9D261;
			productRefGroup = 4225688228D1200C00C9D261 /* Products */;
			projectDirPath = "";
			projectRoot = "";
			targets = (
				4225688028D1200C00C9D261 /* Otsimo_Task */,
				4225689628D1200F00C9D261 /* Otsimo_TaskTests */,
				422568A028D1200F00C9D261 /* Otsimo_TaskUITests */,
			);
		};
/* End PBXProject section */

/* Begin PBXResourcesBuildPhase section */
		4225687F28D1200C00C9D261 /* Resources */ = {
			isa = PBXResourcesBuildPhase;
			buildActionMask = 2147483647;
			files = (
				4225689128D1200F00C9D261 /* LaunchScreen.storyboard in Resources */,
				4225688E28D1200F00C9D261 /* Assets.xcassets in Resources */,
				4225688C28D1200C00C9D261 /* Main.storyboard in Resources */,
			);
			runOnlyForDeploymentPostprocessing = 0;
		};
		4225689528D1200F00C9D261 /* Resources */ = {
			isa = PBXResourcesBuildPhase;
			buildActionMask = 2147483647;
			files = (
			);
			runOnlyForDeploymentPostprocessing = 0;
		};
		4225689F28D1200F00C9D261 /* Resources */ = {
			isa = PBXResourcesBuildPhase;
			buildActionMask = 2147483647;
			files = (
			);
			runOnlyForDeploymentPostprocessing = 0;
		};
/* End PBXResourcesBuildPhase section */

/* Begin PBXSourcesBuildPhase section */
		4225687D28D1200C00C9D261 /* Sources */ = {
			isa = PBXSourcesBuildPhase;
			buildActionMask = 2147483647;
			files = (
				4225688928D1200C00C9D261 /* PokemonAppView.swift in Sources */,
				4288BA0428DA586600086037 /* ControllerProtocol.swift in Sources */,
				428D6B8628D5E2D900C92FD0 /* PokemonAppController.swift in Sources */,
				4225688528D1200C00C9D261 /* AppDelegate.swift in Sources */,
				4225688728D1200C00C9D261 /* SceneDelegate.swift in Sources */,
				428D6B8828D5E59300C92FD0 /* PokemonAppModel.swift in Sources */,
				4288BA0828DADA5B00086037 /* ViewProtocol.swift in Sources */,
				422568B528D5E08D00C9D261 /* Card.swift in Sources */,
			);
			runOnlyForDeploymentPostprocessing = 0;
		};
		4225689328D1200F00C9D261 /* Sources */ = {
			isa = PBXSourcesBuildPhase;
			buildActionMask = 2147483647;
			files = (
				4225689C28D1200F00C9D261 /* Otsimo_TaskTests.swift in Sources */,
			);
			runOnlyForDeploymentPostprocessing = 0;
		};
		4225689D28D1200F00C9D261 /* Sources */ = {
			isa = PBXSourcesBuildPhase;
			buildActionMask = 2147483647;
			files = (
				422568A828D1200F00C9D261 /* Otsimo_TaskUITestsLaunchTests.swift in Sources */,
				422568A628D1200F00C9D261 /* Otsimo_TaskUITests.swift in Sources */,
			);
			runOnlyForDeploymentPostprocessing = 0;
		};
/* End PBXSourcesBuildPhase section */

/* Begin PBXTargetDependency section */
		4225689928D1200F00C9D261 /* PBXTargetDependency */ = {
			isa = PBXTargetDependency;
			target = 4225688028D1200C00C9D261 /* Otsimo_Task */;
			targetProxy = 4225689828D1200F00C9D261 /* PBXContainerItemProxy */;
		};
		422568A328D1200F00C9D261 /* PBXTargetDependency */ = {
			isa = PBXTargetDependency;
			target = 4225688028D1200C00C9D261 /* Otsimo_Task */;
			targetProxy = 422568A228D1200F00C9D261 /* PBXContainerItemProxy */;
		};
/* End PBXTargetDependency section */

/* Begin PBXVariantGroup section */
		4225688A28D1200C00C9D261 /* Main.storyboard */ = {
			isa = PBXVariantGroup;
			children = (
				4225688B28D1200C00C9D261 /* Base */,
			);
			name = Main.storyboard;
			sourceTree = "<group>";
		};
		4225688F28D1200F00C9D261 /* LaunchScreen.storyboard */ = {
			isa = PBXVariantGroup;
			children = (
				4225689028D1200F00C9D261 /* Base */,
			);
			name = LaunchScreen.storyboard;
			sourceTree = "<group>";
		};
/* End PBXVariantGroup section */

/* Begin XCBuildConfiguration section */
		422568A928D1201000C9D261 /* Debug */ = {
			isa = XCBuildConfiguration;
			buildSettings = {
				ALWAYS_SEARCH_USER_PATHS = NO;
				CLANG_ANALYZER_NONNULL = YES;
				CLANG_ANALYZER_NUMBER_OBJECT_CONVERSION = YES_AGGRESSIVE;
				CLANG_CXX_LANGUAGE_STANDARD = "gnu++17";
				CLANG_ENABLE_MODULES = YES;
				CLANG_ENABLE_OBJC_ARC = YES;
				CLANG_ENABLE_OBJC_WEAK = YES;
				CLANG_WARN_BLOCK_CAPTURE_AUTORELEASING = YES;
				CLANG_WARN_BOOL_CONVERSION = YES;
				CLANG_WARN_COMMA = YES;
				CLANG_WARN_CONSTANT_CONVERSION = YES;
				CLANG_WARN_DEPRECATED_OBJC_IMPLEMENTATIONS = YES;
				CLANG_WARN_DIRECT_OBJC_ISA_USAGE = YES_ERROR;
				CLANG_WARN_DOCUMENTATION_COMMENTS = YES;
				CLANG_WARN_EMPTY_BODY = YES;
				CLANG_WARN_ENUM_CONVERSION = YES;
				CLANG_WARN_INFINITE_RECURSION = YES;
				CLANG_WARN_INT_CONVERSION = YES;
				CLANG_WARN_NON_LITERAL_NULL_CONVERSION = YES;
				CLANG_WARN_OBJC_IMPLICIT_RETAIN_SELF = YES;
				CLANG_WARN_OBJC_LITERAL_CONVERSION = YES;
				CLANG_WARN_OBJC_ROOT_CLASS = YES_ERROR;
				CLANG_WARN_QUOTED_INCLUDE_IN_FRAMEWORK_HEADER = YES;
				CLANG_WARN_RANGE_LOOP_ANALYSIS = YES;
				CLANG_WARN_STRICT_PROTOTYPES = YES;
				CLANG_WARN_SUSPICIOUS_MOVE = YES;
				CLANG_WARN_UNGUARDED_AVAILABILITY = YES_AGGRESSIVE;
				CLANG_WARN_UNREACHABLE_CODE = YES;
				CLANG_WARN__DUPLICATE_METHOD_MATCH = YES;
				COPY_PHASE_STRIP = NO;
				DEBUG_INFORMATION_FORMAT = dwarf;
				ENABLE_STRICT_OBJC_MSGSEND = YES;
				ENABLE_TESTABILITY = YES;
				GCC_C_LANGUAGE_STANDARD = gnu11;
				GCC_DYNAMIC_NO_PIC = NO;
				GCC_NO_COMMON_BLOCKS = YES;
				GCC_OPTIMIZATION_LEVEL = 0;
				GCC_PREPROCESSOR_DEFINITIONS = (
					"DEBUG=1",
					"$(inherited)",
				);
				GCC_WARN_64_TO_32_BIT_CONVERSION = YES;
				GCC_WARN_ABOUT_RETURN_TYPE = YES_ERROR;
				GCC_WARN_UNDECLARED_SELECTOR = YES;
				GCC_WARN_UNINITIALIZED_AUTOS = YES_AGGRESSIVE;
				GCC_WARN_UNUSED_FUNCTION = YES;
				GCC_WARN_UNUSED_VARIABLE = YES;
				IPHONEOS_DEPLOYMENT_TARGET = 15.5;
				MTL_ENABLE_DEBUG_INFO = INCLUDE_SOURCE;
				MTL_FAST_MATH = YES;
				ONLY_ACTIVE_ARCH = YES;
				SDKROOT = iphoneos;
				SWIFT_ACTIVE_COMPILATION_CONDITIONS = DEBUG;
				SWIFT_OPTIMIZATION_LEVEL = "-Onone";
			};
			name = Debug;
		};
		422568AA28D1201000C9D261 /* Release */ = {
			isa = XCBuildConfiguration;
			buildSettings = {
				ALWAYS_SEARCH_USER_PATHS = NO;
				CLANG_ANALYZER_NONNULL = YES;
				CLANG_ANALYZER_NUMBER_OBJECT_CONVERSION = YES_AGGRESSIVE;
				CLANG_CXX_LANGUAGE_STANDARD = "gnu++17";
				CLANG_ENABLE_MODULES = YES;
				CLANG_ENABLE_OBJC_ARC = YES;
				CLANG_ENABLE_OBJC_WEAK = YES;
				CLANG_WARN_BLOCK_CAPTURE_AUTORELEASING = YES;
				CLANG_WARN_BOOL_CONVERSION = YES;
				CLANG_WARN_COMMA = YES;
				CLANG_WARN_CONSTANT_CONVERSION = YES;
				CLANG_WARN_DEPRECATED_OBJC_IMPLEMENTATIONS = YES;
				CLANG_WARN_DIRECT_OBJC_ISA_USAGE = YES_ERROR;
				CLANG_WARN_DOCUMENTATION_COMMENTS = YES;
				CLANG_WARN_EMPTY_BODY = YES;
				CLANG_WARN_ENUM_CONVERSION = YES;
				CLANG_WARN_INFINITE_RECURSION = YES;
				CLANG_WARN_INT_CONVERSION = YES;
				CLANG_WARN_NON_LITERAL_NULL_CONVERSION = YES;
				CLANG_WARN_OBJC_IMPLICIT_RETAIN_SELF = YES;
				CLANG_WARN_OBJC_LITERAL_CONVERSION = YES;
				CLANG_WARN_OBJC_ROOT_CLASS = YES_ERROR;
				CLANG_WARN_QUOTED_INCLUDE_IN_FRAMEWORK_HEADER = YES;
				CLANG_WARN_RANGE_LOOP_ANALYSIS = YES;
				CLANG_WARN_STRICT_PROTOTYPES = YES;
				CLANG_WARN_SUSPICIOUS_MOVE = YES;
				CLANG_WARN_UNGUARDED_AVAILABILITY = YES_AGGRESSIVE;
				CLANG_WARN_UNREACHABLE_CODE = YES;
				CLANG_WARN__DUPLICATE_METHOD_MATCH = YES;
				COPY_PHASE_STRIP = NO;
				DEBUG_INFORMATION_FORMAT = "dwarf-with-dsym";
				ENABLE_NS_ASSERTIONS = NO;
				ENABLE_STRICT_OBJC_MSGSEND = YES;
				GCC_C_LANGUAGE_STANDARD = gnu11;
				GCC_NO_COMMON_BLOCKS = YES;
				GCC_WARN_64_TO_32_BIT_CONVERSION = YES;
				GCC_WARN_ABOUT_RETURN_TYPE = YES_ERROR;
				GCC_WARN_UNDECLARED_SELECTOR = YES;
				GCC_WARN_UNINITIALIZED_AUTOS = YES_AGGRESSIVE;
				GCC_WARN_UNUSED_FUNCTION = YES;
				GCC_WARN_UNUSED_VARIABLE = YES;
				IPHONEOS_DEPLOYMENT_TARGET = 15.5;
				MTL_ENABLE_DEBUG_INFO = NO;
				MTL_FAST_MATH = YES;
				SDKROOT = iphoneos;
				SWIFT_COMPILATION_MODE = wholemodule;
				SWIFT_OPTIMIZATION_LEVEL = "-O";
				VALIDATE_PRODUCT = YES;
			};
			name = Release;
		};
		422568AC28D1201000C9D261 /* Debug */ = {
			isa = XCBuildConfiguration;
			buildSettings = {
				ASSETCATALOG_COMPILER_APPICON_NAME = AppIcon;
				ASSETCATALOG_COMPILER_GLOBAL_ACCENT_COLOR_NAME = AccentColor;
				CODE_SIGN_STYLE = Automatic;
				CURRENT_PROJECT_VERSION = 1;
				GENERATE_INFOPLIST_FILE = YES;
				INFOPLIST_FILE = Otsimo_Task/Info.plist;
				INFOPLIST_KEY_UIApplicationSupportsIndirectInputEvents = YES;
				INFOPLIST_KEY_UILaunchStoryboardName = LaunchScreen;
				INFOPLIST_KEY_UIMainStoryboardFile = Main;
				INFOPLIST_KEY_UISupportedInterfaceOrientations_iPad = "UIInterfaceOrientationPortrait UIInterfaceOrientationPortraitUpsideDown UIInterfaceOrientationLandscapeLeft UIInterfaceOrientationLandscapeRight";
				INFOPLIST_KEY_UISupportedInterfaceOrientations_iPhone = "UIInterfaceOrientationPortrait UIInterfaceOrientationLandscapeLeft UIInterfaceOrientationLandscapeRight";
				LD_RUNPATH_SEARCH_PATHS = (
					"$(inherited)",
					"@executable_path/Frameworks",
				);
				MARKETING_VERSION = 1.0;
				PRODUCT_BUNDLE_IDENTIFIER = "com.Otsimo-Task";
				PRODUCT_NAME = "$(TARGET_NAME)";
				SWIFT_EMIT_LOC_STRINGS = YES;
				SWIFT_VERSION = 5.0;
				TARGETED_DEVICE_FAMILY = "1,2";
			};
			name = Debug;
		};
		422568AD28D1201000C9D261 /* Release */ = {
			isa = XCBuildConfiguration;
			buildSettings = {
				ASSETCATALOG_COMPILER_APPICON_NAME = AppIcon;
				ASSETCATALOG_COMPILER_GLOBAL_ACCENT_COLOR_NAME = AccentColor;
				CODE_SIGN_STYLE = Automatic;
				CURRENT_PROJECT_VERSION = 1;
				GENERATE_INFOPLIST_FILE = YES;
				INFOPLIST_FILE = Otsimo_Task/Info.plist;
				INFOPLIST_KEY_UIApplicationSupportsIndirectInputEvents = YES;
				INFOPLIST_KEY_UILaunchStoryboardName = LaunchScreen;
				INFOPLIST_KEY_UIMainStoryboardFile = Main;
				INFOPLIST_KEY_UISupportedInterfaceOrientations_iPad = "UIInterfaceOrientationPortrait UIInterfaceOrientationPortraitUpsideDown UIInterfaceOrientationLandscapeLeft UIInterfaceOrientationLandscapeRight";
				INFOPLIST_KEY_UISupportedInterfaceOrientations_iPhone = "UIInterfaceOrientationPortrait UIInterfaceOrientationLandscapeLeft UIInterfaceOrientationLandscapeRight";
				LD_RUNPATH_SEARCH_PATHS = (
					"$(inherited)",
					"@executable_path/Frameworks",
				);
				MARKETING_VERSION = 1.0;
				PRODUCT_BUNDLE_IDENTIFIER = "com.Otsimo-Task";
				PRODUCT_NAME = "$(TARGET_NAME)";
				SWIFT_EMIT_LOC_STRINGS = YES;
				SWIFT_VERSION = 5.0;
				TARGETED_DEVICE_FAMILY = "1,2";
			};
			name = Release;
		};
		422568AF28D1201000C9D261 /* Debug */ = {
			isa = XCBuildConfiguration;
			buildSettings = {
				ALWAYS_EMBED_SWIFT_STANDARD_LIBRARIES = YES;
				BUNDLE_LOADER = "$(TEST_HOST)";
				CODE_SIGN_STYLE = Automatic;
				CURRENT_PROJECT_VERSION = 1;
				GENERATE_INFOPLIST_FILE = YES;
				IPHONEOS_DEPLOYMENT_TARGET = 15.5;
				MARKETING_VERSION = 1.0;
				PRODUCT_BUNDLE_IDENTIFIER = "com.Otsimo-TaskTests";
				PRODUCT_NAME = "$(TARGET_NAME)";
				SWIFT_EMIT_LOC_STRINGS = NO;
				SWIFT_VERSION = 5.0;
				TARGETED_DEVICE_FAMILY = "1,2";
				TEST_HOST = "$(BUILT_PRODUCTS_DIR)/Otsimo_Task.app/Otsimo_Task";
			};
			name = Debug;
		};
		422568B028D1201000C9D261 /* Release */ = {
			isa = XCBuildConfiguration;
			buildSettings = {
				ALWAYS_EMBED_SWIFT_STANDARD_LIBRARIES = YES;
				BUNDLE_LOADER = "$(TEST_HOST)";
				CODE_SIGN_STYLE = Automatic;
				CURRENT_PROJECT_VERSION = 1;
				GENERATE_INFOPLIST_FILE = YES;
				IPHONEOS_DEPLOYMENT_TARGET = 15.5;
				MARKETING_VERSION = 1.0;
				PRODUCT_BUNDLE_IDENTIFIER = "com.Otsimo-TaskTests";
				PRODUCT_NAME = "$(TARGET_NAME)";
				SWIFT_EMIT_LOC_STRINGS = NO;
				SWIFT_VERSION = 5.0;
				TARGETED_DEVICE_FAMILY = "1,2";
				TEST_HOST = "$(BUILT_PRODUCTS_DIR)/Otsimo_Task.app/Otsimo_Task";
			};
			name = Release;
		};
		422568B228D1201000C9D261 /* Debug */ = {
			isa = XCBuildConfiguration;
			buildSettings = {
				ALWAYS_EMBED_SWIFT_STANDARD_LIBRARIES = YES;
				CODE_SIGN_STYLE = Automatic;
				CURRENT_PROJECT_VERSION = 1;
				GENERATE_INFOPLIST_FILE = YES;
				MARKETING_VERSION = 1.0;
				PRODUCT_BUNDLE_IDENTIFIER = "com.Otsimo-TaskUITests";
				PRODUCT_NAME = "$(TARGET_NAME)";
				SWIFT_EMIT_LOC_STRINGS = NO;
				SWIFT_VERSION = 5.0;
				TARGETED_DEVICE_FAMILY = "1,2";
				TEST_TARGET_NAME = Otsimo_Task;
			};
			name = Debug;
		};
		422568B328D1201000C9D261 /* Release */ = {
			isa = XCBuildConfiguration;
			buildSettings = {
				ALWAYS_EMBED_SWIFT_STANDARD_LIBRARIES = YES;
				CODE_SIGN_STYLE = Automatic;
				CURRENT_PROJECT_VERSION = 1;
				GENERATE_INFOPLIST_FILE = YES;
				MARKETING_VERSION = 1.0;
				PRODUCT_BUNDLE_IDENTIFIER = "com.Otsimo-TaskUITests";
				PRODUCT_NAME = "$(TARGET_NAME)";
				SWIFT_EMIT_LOC_STRINGS = NO;
				SWIFT_VERSION = 5.0;
				TARGETED_DEVICE_FAMILY = "1,2";
				TEST_TARGET_NAME = Otsimo_Task;
			};
			name = Release;
		};
/* End XCBuildConfiguration section */

/* Begin XCConfigurationList section */
		4225687C28D1200C00C9D261 /* Build configuration list for PBXProject "Otsimo_Task" */ = {
			isa = XCConfigurationList;
			buildConfigurations = (
				422568A928D1201000C9D261 /* Debug */,
				422568AA28D1201000C9D261 /* Release */,
			);
			defaultConfigurationIsVisible = 0;
			defaultConfigurationName = Release;
		};
		422568AB28D1201000C9D261 /* Build configuration list for PBXNativeTarget "Otsimo_Task" */ = {
			isa = XCConfigurationList;
			buildConfigurations = (
				422568AC28D1201000C9D261 /* Debug */,
				422568AD28D1201000C9D261 /* Release */,
			);
			defaultConfigurationIsVisible = 0;
			defaultConfigurationName = Release;
		};
		422568AE28D1201000C9D261 /* Build configuration list for PBXNativeTarget "Otsimo_TaskTests" */ = {
			isa = XCConfigurationList;
			buildConfigurations = (
				422568AF28D1201000C9D261 /* Debug */,
				422568B028D1201000C9D261 /* Release */,
			);
			defaultConfigurationIsVisible = 0;
			defaultConfigurationName = Release;
		};
		422568B128D1201000C9D261 /* Build configuration list for PBXNativeTarget "Otsimo_TaskUITests" */ = {
			isa = XCConfigurationList;
			buildConfigurations = (
				422568B228D1201000C9D261 /* Debug */,
				422568B328D1201000C9D261 /* Release */,
			);
			defaultConfigurationIsVisible = 0;
			defaultConfigurationName = Release;
		};
/* End XCConfigurationList section */
	};
	rootObject = 4225687928D1200C00C9D261 /* Project object */;
}
